// !$*UTF8*$!
{
	archiveVersion = 1;
	classes = {
	};
	objectVersion = 50;
	objects = {

/* Begin PBXBuildFile section */
		40347B9E24C51D0200E3BA84 /* HomePageAssembly.swift in Sources */ = {isa = PBXBuildFile; fileRef = 40347B9D24C51D0200E3BA84 /* HomePageAssembly.swift */; };
		40347BA024C51FDE00E3BA84 /* HomePageInteractor.swift in Sources */ = {isa = PBXBuildFile; fileRef = 40347B9F24C51FDE00E3BA84 /* HomePageInteractor.swift */; };
		40347BA224C51FEE00E3BA84 /* HomePagePresenter.swift in Sources */ = {isa = PBXBuildFile; fileRef = 40347BA124C51FEE00E3BA84 /* HomePagePresenter.swift */; };
		40347BA424C5200500E3BA84 /* HomePageEntity.swift in Sources */ = {isa = PBXBuildFile; fileRef = 40347BA324C5200500E3BA84 /* HomePageEntity.swift */; };
		40347BA624C5201E00E3BA84 /* HomePageRouter.swift in Sources */ = {isa = PBXBuildFile; fileRef = 40347BA524C5201E00E3BA84 /* HomePageRouter.swift */; };
		403D5DD224BF4964002F4B88 /* AppDelegate.swift in Sources */ = {isa = PBXBuildFile; fileRef = 403D5DD124BF4964002F4B88 /* AppDelegate.swift */; };
		403D5DD624BF4964002F4B88 /* HomePageViewController.swift in Sources */ = {isa = PBXBuildFile; fileRef = 403D5DD524BF4964002F4B88 /* HomePageViewController.swift */; };
		403D5DDC24BF4964002F4B88 /* CurrencyConverter.xcdatamodeld in Sources */ = {isa = PBXBuildFile; fileRef = 403D5DDA24BF4964002F4B88 /* CurrencyConverter.xcdatamodeld */; };
		403D5DDE24BF4966002F4B88 /* Assets.xcassets in Resources */ = {isa = PBXBuildFile; fileRef = 403D5DDD24BF4966002F4B88 /* Assets.xcassets */; };
		403D5DE124BF4966002F4B88 /* LaunchScreen.storyboard in Resources */ = {isa = PBXBuildFile; fileRef = 403D5DDF24BF4966002F4B88 /* LaunchScreen.storyboard */; };
		403D5DEC24BF4966002F4B88 /* CurrencyConverterTests.swift in Sources */ = {isa = PBXBuildFile; fileRef = 403D5DEB24BF4966002F4B88 /* CurrencyConverterTests.swift */; };
		403D5DF724BF4966002F4B88 /* CurrencyConverterUITests.swift in Sources */ = {isa = PBXBuildFile; fileRef = 403D5DF624BF4966002F4B88 /* CurrencyConverterUITests.swift */; };
		403D5E0524BF49BE002F4B88 /* LaunchController.swift in Sources */ = {isa = PBXBuildFile; fileRef = 403D5E0424BF49BE002F4B88 /* LaunchController.swift */; };
		403D5E0724BF4AA0002F4B88 /* LocationManager.swift in Sources */ = {isa = PBXBuildFile; fileRef = 403D5E0624BF4AA0002F4B88 /* LocationManager.swift */; };
		403D5E0924BF4B29002F4B88 /* ExchangeTableController.swift in Sources */ = {isa = PBXBuildFile; fileRef = 403D5E0824BF4B29002F4B88 /* ExchangeTableController.swift */; };
		4091081F24C1A9F0007F37FF /* NewTabBarController.swift in Sources */ = {isa = PBXBuildFile; fileRef = 4091081E24C1A9F0007F37FF /* NewTabBarController.swift */; };
/* End PBXBuildFile section */

/* Begin PBXContainerItemProxy section */
		403D5DE824BF4966002F4B88 /* PBXContainerItemProxy */ = {
			isa = PBXContainerItemProxy;
			containerPortal = 403D5DC624BF4964002F4B88 /* Project object */;
			proxyType = 1;
			remoteGlobalIDString = 403D5DCD24BF4964002F4B88;
			remoteInfo = CurrencyConverter;
		};
		403D5DF324BF4966002F4B88 /* PBXContainerItemProxy */ = {
			isa = PBXContainerItemProxy;
			containerPortal = 403D5DC624BF4964002F4B88 /* Project object */;
			proxyType = 1;
			remoteGlobalIDString = 403D5DCD24BF4964002F4B88;
			remoteInfo = CurrencyConverter;
		};
/* End PBXContainerItemProxy section */

/* Begin PBXFileReference section */
		40347B9D24C51D0200E3BA84 /* HomePageAssembly.swift */ = {isa = PBXFileReference; lastKnownFileType = sourcecode.swift; path = HomePageAssembly.swift; sourceTree = "<group>"; };
		40347B9F24C51FDE00E3BA84 /* HomePageInteractor.swift */ = {isa = PBXFileReference; lastKnownFileType = sourcecode.swift; path = HomePageInteractor.swift; sourceTree = "<group>"; };
		40347BA124C51FEE00E3BA84 /* HomePagePresenter.swift */ = {isa = PBXFileReference; lastKnownFileType = sourcecode.swift; path = HomePagePresenter.swift; sourceTree = "<group>"; };
		40347BA324C5200500E3BA84 /* HomePageEntity.swift */ = {isa = PBXFileReference; lastKnownFileType = sourcecode.swift; path = HomePageEntity.swift; sourceTree = "<group>"; };
		40347BA524C5201E00E3BA84 /* HomePageRouter.swift */ = {isa = PBXFileReference; lastKnownFileType = sourcecode.swift; path = HomePageRouter.swift; sourceTree = "<group>"; };
		403D5DCE24BF4964002F4B88 /* CurrencyConverter.app */ = {isa = PBXFileReference; explicitFileType = wrapper.application; includeInIndex = 0; path = CurrencyConverter.app; sourceTree = BUILT_PRODUCTS_DIR; };
		403D5DD124BF4964002F4B88 /* AppDelegate.swift */ = {isa = PBXFileReference; lastKnownFileType = sourcecode.swift; path = AppDelegate.swift; sourceTree = "<group>"; };
		403D5DD524BF4964002F4B88 /* HomePageViewController.swift */ = {isa = PBXFileReference; lastKnownFileType = sourcecode.swift; path = HomePageViewController.swift; sourceTree = "<group>"; };
		403D5DDB24BF4964002F4B88 /* CurrencyConverter.xcdatamodel */ = {isa = PBXFileReference; lastKnownFileType = wrapper.xcdatamodel; path = CurrencyConverter.xcdatamodel; sourceTree = "<group>"; };
		403D5DDD24BF4966002F4B88 /* Assets.xcassets */ = {isa = PBXFileReference; lastKnownFileType = folder.assetcatalog; path = Assets.xcassets; sourceTree = "<group>"; };
		403D5DE024BF4966002F4B88 /* Base */ = {isa = PBXFileReference; lastKnownFileType = file.storyboard; name = Base; path = Base.lproj/LaunchScreen.storyboard; sourceTree = "<group>"; };
		403D5DE224BF4966002F4B88 /* Info.plist */ = {isa = PBXFileReference; lastKnownFileType = text.plist.xml; path = Info.plist; sourceTree = "<group>"; };
		403D5DE724BF4966002F4B88 /* CurrencyConverterTests.xctest */ = {isa = PBXFileReference; explicitFileType = wrapper.cfbundle; includeInIndex = 0; path = CurrencyConverterTests.xctest; sourceTree = BUILT_PRODUCTS_DIR; };
		403D5DEB24BF4966002F4B88 /* CurrencyConverterTests.swift */ = {isa = PBXFileReference; lastKnownFileType = sourcecode.swift; path = CurrencyConverterTests.swift; sourceTree = "<group>"; };
		403D5DED24BF4966002F4B88 /* Info.plist */ = {isa = PBXFileReference; lastKnownFileType = text.plist.xml; path = Info.plist; sourceTree = "<group>"; };
		403D5DF224BF4966002F4B88 /* CurrencyConverterUITests.xctest */ = {isa = PBXFileReference; explicitFileType = wrapper.cfbundle; includeInIndex = 0; path = CurrencyConverterUITests.xctest; sourceTree = BUILT_PRODUCTS_DIR; };
		403D5DF624BF4966002F4B88 /* CurrencyConverterUITests.swift */ = {isa = PBXFileReference; lastKnownFileType = sourcecode.swift; path = CurrencyConverterUITests.swift; sourceTree = "<group>"; };
		403D5DF824BF4966002F4B88 /* Info.plist */ = {isa = PBXFileReference; lastKnownFileType = text.plist.xml; path = Info.plist; sourceTree = "<group>"; };
		403D5E0424BF49BE002F4B88 /* LaunchController.swift */ = {isa = PBXFileReference; lastKnownFileType = sourcecode.swift; path = LaunchController.swift; sourceTree = "<group>"; };
		403D5E0624BF4AA0002F4B88 /* LocationManager.swift */ = {isa = PBXFileReference; lastKnownFileType = sourcecode.swift; path = LocationManager.swift; sourceTree = "<group>"; };
		403D5E0824BF4B29002F4B88 /* ExchangeTableController.swift */ = {isa = PBXFileReference; lastKnownFileType = sourcecode.swift; path = ExchangeTableController.swift; sourceTree = "<group>"; };
		4091081E24C1A9F0007F37FF /* NewTabBarController.swift */ = {isa = PBXFileReference; lastKnownFileType = sourcecode.swift; path = NewTabBarController.swift; sourceTree = "<group>"; };
/* End PBXFileReference section */

/* Begin PBXFrameworksBuildPhase section */
		403D5DCB24BF4964002F4B88 /* Frameworks */ = {
			isa = PBXFrameworksBuildPhase;
			buildActionMask = 2147483647;
			files = (
			);
			runOnlyForDeploymentPostprocessing = 0;
		};
		403D5DE424BF4966002F4B88 /* Frameworks */ = {
			isa = PBXFrameworksBuildPhase;
			buildActionMask = 2147483647;
			files = (
			);
			runOnlyForDeploymentPostprocessing = 0;
		};
		403D5DEF24BF4966002F4B88 /* Frameworks */ = {
			isa = PBXFrameworksBuildPhase;
			buildActionMask = 2147483647;
			files = (
			);
			runOnlyForDeploymentPostprocessing = 0;
		};
/* End PBXFrameworksBuildPhase section */

/* Begin PBXGroup section */
		40347B9624C51ABF00E3BA84 /* HomePage */ = {
			isa = PBXGroup;
			children = (
				40347B9724C51B6500E3BA84 /* Assembly */,
				40347B9824C51B7500E3BA84 /* View */,
				40347B9A24C51B9100E3BA84 /* Interactor */,
				40347B9924C51B8300E3BA84 /* Presenter */,
				40347B9B24C51BA200E3BA84 /* Entity */,
				40347B9C24C51BA800E3BA84 /* Router */,
			);
			path = HomePage;
			sourceTree = "<group>";
		};
		40347B9724C51B6500E3BA84 /* Assembly */ = {
			isa = PBXGroup;
			children = (
				40347B9D24C51D0200E3BA84 /* HomePageAssembly.swift */,
			);
			path = Assembly;
			sourceTree = "<group>";
		};
		40347B9824C51B7500E3BA84 /* View */ = {
			isa = PBXGroup;
			children = (
				403D5DD524BF4964002F4B88 /* HomePageViewController.swift */,
			);
			path = View;
			sourceTree = "<group>";
		};
		40347B9924C51B8300E3BA84 /* Presenter */ = {
			isa = PBXGroup;
			children = (
				40347BA124C51FEE00E3BA84 /* HomePagePresenter.swift */,
			);
			path = Presenter;
			sourceTree = "<group>";
		};
		40347B9A24C51B9100E3BA84 /* Interactor */ = {
			isa = PBXGroup;
			children = (
				40347B9F24C51FDE00E3BA84 /* HomePageInteractor.swift */,
			);
			path = Interactor;
			sourceTree = "<group>";
		};
		40347B9B24C51BA200E3BA84 /* Entity */ = {
			isa = PBXGroup;
			children = (
				40347BA324C5200500E3BA84 /* HomePageEntity.swift */,
			);
			path = Entity;
			sourceTree = "<group>";
		};
		40347B9C24C51BA800E3BA84 /* Router */ = {
			isa = PBXGroup;
			children = (
				40347BA524C5201E00E3BA84 /* HomePageRouter.swift */,
			);
			path = Router;
			sourceTree = "<group>";
		};
		403D5DC524BF4964002F4B88 = {
			isa = PBXGroup;
			children = (
				403D5DD024BF4964002F4B88 /* CurrencyConverter */,
				403D5DEA24BF4966002F4B88 /* CurrencyConverterTests */,
				403D5DF524BF4966002F4B88 /* CurrencyConverterUITests */,
				403D5DCF24BF4964002F4B88 /* Products */,
			);
			sourceTree = "<group>";
		};
		403D5DCF24BF4964002F4B88 /* Products */ = {
			isa = PBXGroup;
			children = (
				403D5DCE24BF4964002F4B88 /* CurrencyConverter.app */,
				403D5DE724BF4966002F4B88 /* CurrencyConverterTests.xctest */,
				403D5DF224BF4966002F4B88 /* CurrencyConverterUITests.xctest */,
			);
			name = Products;
			sourceTree = "<group>";
		};
		403D5DD024BF4964002F4B88 /* CurrencyConverter */ = {
			isa = PBXGroup;
			children = (
				403D5E0A24BF4CD7002F4B88 /* Application */,
				403D5E0B24BF4D4C002F4B88 /* Model */,
				403D5E0C24BF4D6A002F4B88 /* Controllers */,
				40347B9624C51ABF00E3BA84 /* HomePage */,
				403D5DDD24BF4966002F4B88 /* Assets.xcassets */,
				403D5DDA24BF4964002F4B88 /* CurrencyConverter.xcdatamodeld */,
			);
			path = CurrencyConverter;
			sourceTree = "<group>";
		};
		403D5DEA24BF4966002F4B88 /* CurrencyConverterTests */ = {
			isa = PBXGroup;
			children = (
				403D5DEB24BF4966002F4B88 /* CurrencyConverterTests.swift */,
				403D5DED24BF4966002F4B88 /* Info.plist */,
			);
			path = CurrencyConverterTests;
			sourceTree = "<group>";
		};
		403D5DF524BF4966002F4B88 /* CurrencyConverterUITests */ = {
			isa = PBXGroup;
			children = (
				403D5DF624BF4966002F4B88 /* CurrencyConverterUITests.swift */,
				403D5DF824BF4966002F4B88 /* Info.plist */,
			);
			path = CurrencyConverterUITests;
			sourceTree = "<group>";
		};
		403D5E0A24BF4CD7002F4B88 /* Application */ = {
			isa = PBXGroup;
			children = (
				403D5DD124BF4964002F4B88 /* AppDelegate.swift */,
				403D5DDF24BF4966002F4B88 /* LaunchScreen.storyboard */,
				403D5DE224BF4966002F4B88 /* Info.plist */,
			);
			path = Application;
			sourceTree = "<group>";
		};
		403D5E0B24BF4D4C002F4B88 /* Model */ = {
			isa = PBXGroup;
			children = (
				403D5E0624BF4AA0002F4B88 /* LocationManager.swift */,
			);
			path = Model;
			sourceTree = "<group>";
		};
		403D5E0C24BF4D6A002F4B88 /* Controllers */ = {
			isa = PBXGroup;
			children = (
				403D5E0424BF49BE002F4B88 /* LaunchController.swift */,
				403D5E0824BF4B29002F4B88 /* ExchangeTableController.swift */,
				4091081E24C1A9F0007F37FF /* NewTabBarController.swift */,
			);
			path = Controllers;
			sourceTree = "<group>";
		};
/* End PBXGroup section */

/* Begin PBXNativeTarget section */
		403D5DCD24BF4964002F4B88 /* CurrencyConverter */ = {
			isa = PBXNativeTarget;
			buildConfigurationList = 403D5DFB24BF4966002F4B88 /* Build configuration list for PBXNativeTarget "CurrencyConverter" */;
			buildPhases = (
				403D5DCA24BF4964002F4B88 /* Sources */,
				403D5DCB24BF4964002F4B88 /* Frameworks */,
				403D5DCC24BF4964002F4B88 /* Resources */,
			);
			buildRules = (
			);
			dependencies = (
			);
			name = CurrencyConverter;
			productName = CurrencyConverter;
			productReference = 403D5DCE24BF4964002F4B88 /* CurrencyConverter.app */;
			productType = "com.apple.product-type.application";
		};
		403D5DE624BF4966002F4B88 /* CurrencyConverterTests */ = {
			isa = PBXNativeTarget;
			buildConfigurationList = 403D5DFE24BF4966002F4B88 /* Build configuration list for PBXNativeTarget "CurrencyConverterTests" */;
			buildPhases = (
				403D5DE324BF4966002F4B88 /* Sources */,
				403D5DE424BF4966002F4B88 /* Frameworks */,
				403D5DE524BF4966002F4B88 /* Resources */,
			);
			buildRules = (
			);
			dependencies = (
				403D5DE924BF4966002F4B88 /* PBXTargetDependency */,
			);
			name = CurrencyConverterTests;
			productName = CurrencyConverterTests;
			productReference = 403D5DE724BF4966002F4B88 /* CurrencyConverterTests.xctest */;
			productType = "com.apple.product-type.bundle.unit-test";
		};
		403D5DF124BF4966002F4B88 /* CurrencyConverterUITests */ = {
			isa = PBXNativeTarget;
			buildConfigurationList = 403D5E0124BF4966002F4B88 /* Build configuration list for PBXNativeTarget "CurrencyConverterUITests" */;
			buildPhases = (
				403D5DEE24BF4966002F4B88 /* Sources */,
				403D5DEF24BF4966002F4B88 /* Frameworks */,
				403D5DF024BF4966002F4B88 /* Resources */,
			);
			buildRules = (
			);
			dependencies = (
				403D5DF424BF4966002F4B88 /* PBXTargetDependency */,
			);
			name = CurrencyConverterUITests;
			productName = CurrencyConverterUITests;
			productReference = 403D5DF224BF4966002F4B88 /* CurrencyConverterUITests.xctest */;
			productType = "com.apple.product-type.bundle.ui-testing";
		};
/* End PBXNativeTarget section */

/* Begin PBXProject section */
		403D5DC624BF4964002F4B88 /* Project object */ = {
			isa = PBXProject;
			attributes = {
				LastSwiftUpdateCheck = 1150;
				LastUpgradeCheck = 1150;
				ORGANIZATIONNAME = "Nick Chekmazov";
				TargetAttributes = {
					403D5DCD24BF4964002F4B88 = {
						CreatedOnToolsVersion = 11.5;
					};
					403D5DE624BF4966002F4B88 = {
						CreatedOnToolsVersion = 11.5;
						TestTargetID = 403D5DCD24BF4964002F4B88;
					};
					403D5DF124BF4966002F4B88 = {
						CreatedOnToolsVersion = 11.5;
						TestTargetID = 403D5DCD24BF4964002F4B88;
					};
				};
			};
			buildConfigurationList = 403D5DC924BF4964002F4B88 /* Build configuration list for PBXProject "CurrencyConverter" */;
			compatibilityVersion = "Xcode 9.3";
			developmentRegion = en;
			hasScannedForEncodings = 0;
			knownRegions = (
				en,
				Base,
			);
			mainGroup = 403D5DC524BF4964002F4B88;
			productRefGroup = 403D5DCF24BF4964002F4B88 /* Products */;
			projectDirPath = "";
			projectRoot = "";
			targets = (
				403D5DCD24BF4964002F4B88 /* CurrencyConverter */,
				403D5DE624BF4966002F4B88 /* CurrencyConverterTests */,
				403D5DF124BF4966002F4B88 /* CurrencyConverterUITests */,
			);
		};
/* End PBXProject section */

/* Begin PBXResourcesBuildPhase section */
		403D5DCC24BF4964002F4B88 /* Resources */ = {
			isa = PBXResourcesBuildPhase;
			buildActionMask = 2147483647;
			files = (
				403D5DE124BF4966002F4B88 /* LaunchScreen.storyboard in Resources */,
				403D5DDE24BF4966002F4B88 /* Assets.xcassets in Resources */,
			);
			runOnlyForDeploymentPostprocessing = 0;
		};
		403D5DE524BF4966002F4B88 /* Resources */ = {
			isa = PBXResourcesBuildPhase;
			buildActionMask = 2147483647;
			files = (
			);
			runOnlyForDeploymentPostprocessing = 0;
		};
		403D5DF024BF4966002F4B88 /* Resources */ = {
			isa = PBXResourcesBuildPhase;
			buildActionMask = 2147483647;
			files = (
			);
			runOnlyForDeploymentPostprocessing = 0;
		};
/* End PBXResourcesBuildPhase section */

/* Begin PBXSourcesBuildPhase section */
		403D5DCA24BF4964002F4B88 /* Sources */ = {
			isa = PBXSourcesBuildPhase;
			buildActionMask = 2147483647;
			files = (
				40347BA024C51FDE00E3BA84 /* HomePageInteractor.swift in Sources */,
				403D5E0524BF49BE002F4B88 /* LaunchController.swift in Sources */,
				403D5DD624BF4964002F4B88 /* HomePageViewController.swift in Sources */,
				40347BA424C5200500E3BA84 /* HomePageEntity.swift in Sources */,
				403D5E0724BF4AA0002F4B88 /* LocationManager.swift in Sources */,
				403D5E0924BF4B29002F4B88 /* ExchangeTableController.swift in Sources */,
				4091081F24C1A9F0007F37FF /* NewTabBarController.swift in Sources */,
				403D5DDC24BF4964002F4B88 /* CurrencyConverter.xcdatamodeld in Sources */,
				403D5DD224BF4964002F4B88 /* AppDelegate.swift in Sources */,
				40347BA224C51FEE00E3BA84 /* HomePagePresenter.swift in Sources */,
				40347BA624C5201E00E3BA84 /* HomePageRouter.swift in Sources */,
				40347B9E24C51D0200E3BA84 /* HomePageAssembly.swift in Sources */,
			);
			runOnlyForDeploymentPostprocessing = 0;
		};
		403D5DE324BF4966002F4B88 /* Sources */ = {
			isa = PBXSourcesBuildPhase;
			buildActionMask = 2147483647;
			files = (
				403D5DEC24BF4966002F4B88 /* CurrencyConverterTests.swift in Sources */,
			);
			runOnlyForDeploymentPostprocessing = 0;
		};
		403D5DEE24BF4966002F4B88 /* Sources */ = {
			isa = PBXSourcesBuildPhase;
			buildActionMask = 2147483647;
			files = (
				403D5DF724BF4966002F4B88 /* CurrencyConverterUITests.swift in Sources */,
			);
			runOnlyForDeploymentPostprocessing = 0;
		};
/* End PBXSourcesBuildPhase section */

/* Begin PBXTargetDependency section */
		403D5DE924BF4966002F4B88 /* PBXTargetDependency */ = {
			isa = PBXTargetDependency;
			target = 403D5DCD24BF4964002F4B88 /* CurrencyConverter */;
			targetProxy = 403D5DE824BF4966002F4B88 /* PBXContainerItemProxy */;
		};
		403D5DF424BF4966002F4B88 /* PBXTargetDependency */ = {
			isa = PBXTargetDependency;
			target = 403D5DCD24BF4964002F4B88 /* CurrencyConverter */;
			targetProxy = 403D5DF324BF4966002F4B88 /* PBXContainerItemProxy */;
		};
/* End PBXTargetDependency section */

/* Begin PBXVariantGroup section */
		403D5DDF24BF4966002F4B88 /* LaunchScreen.storyboard */ = {
			isa = PBXVariantGroup;
			children = (
				403D5DE024BF4966002F4B88 /* Base */,
			);
			name = LaunchScreen.storyboard;
			sourceTree = "<group>";
		};
/* End PBXVariantGroup section */

/* Begin XCBuildConfiguration section */
		403D5DF924BF4966002F4B88 /* Debug */ = {
			isa = XCBuildConfiguration;
			buildSettings = {
				ALWAYS_SEARCH_USER_PATHS = NO;
				CLANG_ANALYZER_NONNULL = YES;
				CLANG_ANALYZER_NUMBER_OBJECT_CONVERSION = YES_AGGRESSIVE;
				CLANG_CXX_LANGUAGE_STANDARD = "gnu++14";
				CLANG_CXX_LIBRARY = "libc++";
				CLANG_ENABLE_MODULES = YES;
				CLANG_ENABLE_OBJC_ARC = YES;
				CLANG_ENABLE_OBJC_WEAK = YES;
				CLANG_WARN_BLOCK_CAPTURE_AUTORELEASING = YES;
				CLANG_WARN_BOOL_CONVERSION = YES;
				CLANG_WARN_COMMA = YES;
				CLANG_WARN_CONSTANT_CONVERSION = YES;
				CLANG_WARN_DEPRECATED_OBJC_IMPLEMENTATIONS = YES;
				CLANG_WARN_DIRECT_OBJC_ISA_USAGE = YES_ERROR;
				CLANG_WARN_DOCUMENTATION_COMMENTS = YES;
				CLANG_WARN_EMPTY_BODY = YES;
				CLANG_WARN_ENUM_CONVERSION = YES;
				CLANG_WARN_INFINITE_RECURSION = YES;
				CLANG_WARN_INT_CONVERSION = YES;
				CLANG_WARN_NON_LITERAL_NULL_CONVERSION = YES;
				CLANG_WARN_OBJC_IMPLICIT_RETAIN_SELF = YES;
				CLANG_WARN_OBJC_LITERAL_CONVERSION = YES;
				CLANG_WARN_OBJC_ROOT_CLASS = YES_ERROR;
				CLANG_WARN_RANGE_LOOP_ANALYSIS = YES;
				CLANG_WARN_STRICT_PROTOTYPES = YES;
				CLANG_WARN_SUSPICIOUS_MOVE = YES;
				CLANG_WARN_UNGUARDED_AVAILABILITY = YES_AGGRESSIVE;
				CLANG_WARN_UNREACHABLE_CODE = YES;
				CLANG_WARN__DUPLICATE_METHOD_MATCH = YES;
				COPY_PHASE_STRIP = NO;
				DEBUG_INFORMATION_FORMAT = dwarf;
				ENABLE_STRICT_OBJC_MSGSEND = YES;
				ENABLE_TESTABILITY = YES;
				GCC_C_LANGUAGE_STANDARD = gnu11;
				GCC_DYNAMIC_NO_PIC = NO;
				GCC_NO_COMMON_BLOCKS = YES;
				GCC_OPTIMIZATION_LEVEL = 0;
				GCC_PREPROCESSOR_DEFINITIONS = (
					"DEBUG=1",
					"$(inherited)",
				);
				GCC_WARN_64_TO_32_BIT_CONVERSION = YES;
				GCC_WARN_ABOUT_RETURN_TYPE = YES_ERROR;
				GCC_WARN_UNDECLARED_SELECTOR = YES;
				GCC_WARN_UNINITIALIZED_AUTOS = YES_AGGRESSIVE;
				GCC_WARN_UNUSED_FUNCTION = YES;
				GCC_WARN_UNUSED_VARIABLE = YES;
				IPHONEOS_DEPLOYMENT_TARGET = 13.5;
				MTL_ENABLE_DEBUG_INFO = INCLUDE_SOURCE;
				MTL_FAST_MATH = YES;
				ONLY_ACTIVE_ARCH = YES;
				SDKROOT = iphoneos;
				SWIFT_ACTIVE_COMPILATION_CONDITIONS = DEBUG;
				SWIFT_OPTIMIZATION_LEVEL = "-Onone";
			};
			name = Debug;
		};
		403D5DFA24BF4966002F4B88 /* Release */ = {
			isa = XCBuildConfiguration;
			buildSettings = {
				ALWAYS_SEARCH_USER_PATHS = NO;
				CLANG_ANALYZER_NONNULL = YES;
				CLANG_ANALYZER_NUMBER_OBJECT_CONVERSION = YES_AGGRESSIVE;
				CLANG_CXX_LANGUAGE_STANDARD = "gnu++14";
				CLANG_CXX_LIBRARY = "libc++";
				CLANG_ENABLE_MODULES = YES;
				CLANG_ENABLE_OBJC_ARC = YES;
				CLANG_ENABLE_OBJC_WEAK = YES;
				CLANG_WARN_BLOCK_CAPTURE_AUTORELEASING = YES;
				CLANG_WARN_BOOL_CONVERSION = YES;
				CLANG_WARN_COMMA = YES;
				CLANG_WARN_CONSTANT_CONVERSION = YES;
				CLANG_WARN_DEPRECATED_OBJC_IMPLEMENTATIONS = YES;
				CLANG_WARN_DIRECT_OBJC_ISA_USAGE = YES_ERROR;
				CLANG_WARN_DOCUMENTATION_COMMENTS = YES;
				CLANG_WARN_EMPTY_BODY = YES;
				CLANG_WARN_ENUM_CONVERSION = YES;
				CLANG_WARN_INFINITE_RECURSION = YES;
				CLANG_WARN_INT_CONVERSION = YES;
				CLANG_WARN_NON_LITERAL_NULL_CONVERSION = YES;
				CLANG_WARN_OBJC_IMPLICIT_RETAIN_SELF = YES;
				CLANG_WARN_OBJC_LITERAL_CONVERSION = YES;
				CLANG_WARN_OBJC_ROOT_CLASS = YES_ERROR;
				CLANG_WARN_RANGE_LOOP_ANALYSIS = YES;
				CLANG_WARN_STRICT_PROTOTYPES = YES;
				CLANG_WARN_SUSPICIOUS_MOVE = YES;
				CLANG_WARN_UNGUARDED_AVAILABILITY = YES_AGGRESSIVE;
				CLANG_WARN_UNREACHABLE_CODE = YES;
				CLANG_WARN__DUPLICATE_METHOD_MATCH = YES;
				COPY_PHASE_STRIP = NO;
				DEBUG_INFORMATION_FORMAT = "dwarf-with-dsym";
				ENABLE_NS_ASSERTIONS = NO;
				ENABLE_STRICT_OBJC_MSGSEND = YES;
				GCC_C_LANGUAGE_STANDARD = gnu11;
				GCC_NO_COMMON_BLOCKS = YES;
				GCC_WARN_64_TO_32_BIT_CONVERSION = YES;
				GCC_WARN_ABOUT_RETURN_TYPE = YES_ERROR;
				GCC_WARN_UNDECLARED_SELECTOR = YES;
				GCC_WARN_UNINITIALIZED_AUTOS = YES_AGGRESSIVE;
				GCC_WARN_UNUSED_FUNCTION = YES;
				GCC_WARN_UNUSED_VARIABLE = YES;
				IPHONEOS_DEPLOYMENT_TARGET = 13.5;
				MTL_ENABLE_DEBUG_INFO = NO;
				MTL_FAST_MATH = YES;
				SDKROOT = iphoneos;
				SWIFT_COMPILATION_MODE = wholemodule;
				SWIFT_OPTIMIZATION_LEVEL = "-O";
				VALIDATE_PRODUCT = YES;
			};
			name = Release;
		};
		403D5DFC24BF4966002F4B88 /* Debug */ = {
			isa = XCBuildConfiguration;
			buildSettings = {
				ASSETCATALOG_COMPILER_APPICON_NAME = AppIcon;
				CODE_SIGN_STYLE = Automatic;
				DEVELOPMENT_TEAM = D988H4JU9C;
				INFOPLIST_FILE = CurrencyConverter/Application/Info.plist;
				IPHONEOS_DEPLOYMENT_TARGET = 10.0;
				LD_RUNPATH_SEARCH_PATHS = (
					"$(inherited)",
					"@executable_path/Frameworks",
				);
				PRODUCT_BUNDLE_IDENTIFIER = nickoldschool.com.CurrencyConverter;
				PRODUCT_NAME = "$(TARGET_NAME)";
				SWIFT_VERSION = 5.0;
				TARGETED_DEVICE_FAMILY = 1;
			};
			name = Debug;
		};
		403D5DFD24BF4966002F4B88 /* Release */ = {
			isa = XCBuildConfiguration;
			buildSettings = {
				ASSETCATALOG_COMPILER_APPICON_NAME = AppIcon;
				CODE_SIGN_STYLE = Automatic;
				DEVELOPMENT_TEAM = D988H4JU9C;
				INFOPLIST_FILE = CurrencyConverter/Application/Info.plist;
				IPHONEOS_DEPLOYMENT_TARGET = 10.0;
				LD_RUNPATH_SEARCH_PATHS = (
					"$(inherited)",
					"@executable_path/Frameworks",
				);
				PRODUCT_BUNDLE_IDENTIFIER = nickoldschool.com.CurrencyConverter;
				PRODUCT_NAME = "$(TARGET_NAME)";
				SWIFT_VERSION = 5.0;
				TARGETED_DEVICE_FAMILY = 1;
			};
			name = Release;
		};
		403D5DFF24BF4966002F4B88 /* Debug */ = {
			isa = XCBuildConfiguration;
			buildSettings = {
				ALWAYS_EMBED_SWIFT_STANDARD_LIBRARIES = YES;
				BUNDLE_LOADER = "$(TEST_HOST)";
				CODE_SIGN_STYLE = Automatic;
				DEVELOPMENT_TEAM = D988H4JU9C;
				INFOPLIST_FILE = CurrencyConverterTests/Info.plist;
				IPHONEOS_DEPLOYMENT_TARGET = 13.5;
				LD_RUNPATH_SEARCH_PATHS = (
					"$(inherited)",
					"@executable_path/Frameworks",
					"@loader_path/Frameworks",
				);
				PRODUCT_BUNDLE_IDENTIFIER = nickoldschool.com.CurrencyConverterTests;
				PRODUCT_NAME = "$(TARGET_NAME)";
				SWIFT_VERSION = 5.0;
				TARGETED_DEVICE_FAMILY = "1,2";
				TEST_HOST = "$(BUILT_PRODUCTS_DIR)/CurrencyConverter.app/CurrencyConverter";
			};
			name = Debug;
		};
		403D5E0024BF4966002F4B88 /* Release */ = {
			isa = XCBuildConfiguration;
			buildSettings = {
				ALWAYS_EMBED_SWIFT_STANDARD_LIBRARIES = YES;
				BUNDLE_LOADER = "$(TEST_HOST)";
				CODE_SIGN_STYLE = Automatic;
				DEVELOPMENT_TEAM = D988H4JU9C;
				INFOPLIST_FILE = CurrencyConverterTests/Info.plist;
				IPHONEOS_DEPLOYMENT_TARGET = 13.5;
				LD_RUNPATH_SEARCH_PATHS = (
					"$(inherited)",
					"@executable_path/Frameworks",
					"@loader_path/Frameworks",
				);
				PRODUCT_BUNDLE_IDENTIFIER = nickoldschool.com.CurrencyConverterTests;
				PRODUCT_NAME = "$(TARGET_NAME)";
				SWIFT_VERSION = 5.0;
				TARGETED_DEVICE_FAMILY = "1,2";
				TEST_HOST = "$(BUILT_PRODUCTS_DIR)/CurrencyConverter.app/CurrencyConverter";
			};
			name = Release;
		};
		403D5E0224BF4966002F4B88 /* Debug */ = {
			isa = XCBuildConfiguration;
			buildSettings = {
				ALWAYS_EMBED_SWIFT_STANDARD_LIBRARIES = YES;
				CODE_SIGN_STYLE = Automatic;
				DEVELOPMENT_TEAM = D988H4JU9C;
				INFOPLIST_FILE = CurrencyConverterUITests/Info.plist;
				LD_RUNPATH_SEARCH_PATHS = (
					"$(inherited)",
					"@executable_path/Frameworks",
					"@loader_path/Frameworks",
				);
				PRODUCT_BUNDLE_IDENTIFIER = nickoldschool.com.CurrencyConverterUITests;
				PRODUCT_NAME = "$(TARGET_NAME)";
				SWIFT_VERSION = 5.0;
				TARGETED_DEVICE_FAMILY = "1,2";
				TEST_TARGET_NAME = CurrencyConverter;
			};
			name = Debug;
		};
		403D5E0324BF4966002F4B88 /* Release */ = {
			isa = XCBuildConfiguration;
			buildSettings = {
				ALWAYS_EMBED_SWIFT_STANDARD_LIBRARIES = YES;
				CODE_SIGN_STYLE = Automatic;
				DEVELOPMENT_TEAM = D988H4JU9C;
				INFOPLIST_FILE = CurrencyConverterUITests/Info.plist;
				LD_RUNPATH_SEARCH_PATHS = (
					"$(inherited)",
					"@executable_path/Frameworks",
					"@loader_path/Frameworks",
				);
				PRODUCT_BUNDLE_IDENTIFIER = nickoldschool.com.CurrencyConverterUITests;
				PRODUCT_NAME = "$(TARGET_NAME)";
				SWIFT_VERSION = 5.0;
				TARGETED_DEVICE_FAMILY = "1,2";
				TEST_TARGET_NAME = CurrencyConverter;
			};
			name = Release;
		};
/* End XCBuildConfiguration section */

/* Begin XCConfigurationList section */
		403D5DC924BF4964002F4B88 /* Build configuration list for PBXProject "CurrencyConverter" */ = {
			isa = XCConfigurationList;
			buildConfigurations = (
				403D5DF924BF4966002F4B88 /* Debug */,
				403D5DFA24BF4966002F4B88 /* Release */,
			);
			defaultConfigurationIsVisible = 0;
			defaultConfigurationName = Release;
		};
		403D5DFB24BF4966002F4B88 /* Build configuration list for PBXNativeTarget "CurrencyConverter" */ = {
			isa = XCConfigurationList;
			buildConfigurations = (
				403D5DFC24BF4966002F4B88 /* Debug */,
				403D5DFD24BF4966002F4B88 /* Release */,
			);
			defaultConfigurationIsVisible = 0;
			defaultConfigurationName = Release;
		};
		403D5DFE24BF4966002F4B88 /* Build configuration list for PBXNativeTarget "CurrencyConverterTests" */ = {
			isa = XCConfigurationList;
			buildConfigurations = (
				403D5DFF24BF4966002F4B88 /* Debug */,
				403D5E0024BF4966002F4B88 /* Release */,
			);
			defaultConfigurationIsVisible = 0;
			defaultConfigurationName = Release;
		};
		403D5E0124BF4966002F4B88 /* Build configuration list for PBXNativeTarget "CurrencyConverterUITests" */ = {
			isa = XCConfigurationList;
			buildConfigurations = (
				403D5E0224BF4966002F4B88 /* Debug */,
				403D5E0324BF4966002F4B88 /* Release */,
			);
			defaultConfigurationIsVisible = 0;
			defaultConfigurationName = Release;
		};
/* End XCConfigurationList section */

/* Begin XCVersionGroup section */
		403D5DDA24BF4964002F4B88 /* CurrencyConverter.xcdatamodeld */ = {
			isa = XCVersionGroup;
			children = (
				403D5DDB24BF4964002F4B88 /* CurrencyConverter.xcdatamodel */,
			);
			currentVersion = 403D5DDB24BF4964002F4B88 /* CurrencyConverter.xcdatamodel */;
			path = CurrencyConverter.xcdatamodeld;
			sourceTree = "<group>";
			versionGroupType = wrapper.xcdatamodel;
		};
/* End XCVersionGroup section */
	};
	rootObject = 403D5DC624BF4964002F4B88 /* Project object */;
}
